
Microsoft Visual Studio Solution File, Format Version 12.00
# Visual Studio Version 16
VisualStudioVersion = 16.0.30413.136
MinimumVisualStudioVersion = 10.0.40219.1
Project("{FAE04EC0-301F-11D3-BF4B-00C04F79EFBC}") = "Wizard_Form", "Wizard_Form\Wizard_Form.csproj", "{AE638BF2-0923-40CF-A79A-C787EEE1996E}"
EndProject
Global
	GlobalSection(SolutionConfigurationPlatforms) = preSolution
		Debug|Any CPU = Debug|Any CPU
		Release|Any CPU = Release|Any CPU
	EndGlobalSection
	GlobalSection(ProjectConfigurationPlatforms) = postSolution
		{AE638BF2-0923-40CF-A79A-C787EEE1996E}.Debug|Any CPU.ActiveCfg = Debug|Any CPU
		{AE638BF2-0923-40CF-A79A-C787EEE1996E}.Debug|Any CPU.Build.0 = Debug|Any CPU
		{AE638BF2-0923-40CF-A79A-C787EEE1996E}.Release|Any CPU.ActiveCfg = Release|Any CPU
		{AE638BF2-0923-40CF-A79A-C787EEE1996E}.Release|Any CPU.Build.0 = Release|Any CPU
	EndGlobalSection
	GlobalSection(SolutionProperties) = preSolution
		HideSolutionNode = FALSE
	EndGlobalSection
	GlobalSection(ExtensibilityGlobals) = postSolution
		SolutionGuid = {5BEB734F-E82F-4093-B657-ECE48425F4A5}
	EndGlobalSection
EndGlobal
